
Microsoft Visual Studio Solution File, Format Version 12.00
# Visual Studio Version 17
VisualStudioVersion = 17.8.34330.188
MinimumVisualStudioVersion = 10.0.40219.1
Project("{FAE04EC0-301F-11D3-BF4B-00C04F79EFBC}") = "FahasaStoreAPI", "FahasaStoreAPI\FahasaStoreAPI.csproj", "{5FE9F82C-BCAE-4097-950D-38AA610F6C07}"
EndProject
Global
	GlobalSection(SolutionConfigurationPlatforms) = preSolution
		Debug|Any CPU = Debug|Any CPU
		Release|Any CPU = Release|Any CPU
	EndGlobalSection
	GlobalSection(ProjectConfigurationPlatforms) = postSolution
		{5FE9F82C-BCAE-4097-950D-38AA610F6C07}.Debug|Any CPU.ActiveCfg = Debug|Any CPU
		{5FE9F82C-BCAE-4097-950D-38AA610F6C07}.Debug|Any CPU.Build.0 = Debug|Any CPU
		{5FE9F82C-BCAE-4097-950D-38AA610F6C07}.Release|Any CPU.ActiveCfg = Release|Any CPU
		{5FE9F82C-BCAE-4097-950D-38AA610F6C07}.Release|Any CPU.Build.0 = Release|Any CPU
	EndGlobalSection
	GlobalSection(SolutionProperties) = preSolution
		HideSolutionNode = FALSE
	EndGlobalSection
	GlobalSection(ExtensibilityGlobals) = postSolution
		SolutionGuid = {D4A5FC35-729C-40F9-9108-793B5532C094}
	EndGlobalSection
EndGlobal
